---
HomeAutomations.Apps.DoorLock.DoorLockConfig:
  Token: 0GdY0L#C%IWb1BmM%W^CC2VJ
  LockEntity: lock.nuki_wohnungstur_lock
  OpenerEntity: lock.nuki_haustur_lock
  RtoTimeout: 00:05:00
  RtoTimeoutCheckInterval: 00:00:30
  RingSensor: binary_sensor.nuki_haustur_ring_action
  GpsAccuracyThreshold: 100
  EnabledPersons:
    - person.fabienne
    - person.philipp
  ArrivalNotification:
    Tag: door_lock
    Title: Türschloss
    Template: "Wenn du klingelst, gehen beide Türen auf."
    Sticky: true
