---
HomeAutomations.Apps.DoorLock.DoorLockConfig:
  BridgeApi:
    BaseUrl: http://192.168.188.50:8080
    CallbackUrl: http://192.168.188.41:5000/Nuki/ProcessCallback
    Token: "569640"
  Token: 0GdY0L#C%IWb1BmM%W^CC2VJ
  LockEntity: lock.nuki_wohnungstur_lock
  OpenerEntity: lock.nuki_haustur_lock
  RtoTimeout: 00:05:00
  RingSensor: binary_sensor.nuki_haustur_ring_action
  ArrivalNotification:
    Tag: nuki
    Title: Türschloss
    Template: Wenn du läutest, gehen beide Türen auf.
    Sticky: true
