
Microsoft Visual Studio Solution File, Format Version 12.00
Project("{FAE04EC0-301F-11D3-BF4B-00C04F79EFBC}") = "HomeAutomations", "HomeAutomations\HomeAutomations.csproj", "{566FEBB3-9832-4360-91AA-5F7395C6CEF2}"
EndProject
Project("{FAE04EC0-301F-11D3-BF4B-00C04F79EFBC}") = "HomeAutomations.Client", "HomeAutomations.Client\HomeAutomations.Client.csproj", "{53AD4027-4C78-4F52-A2CF-B778883BDE64}"
EndProject
Global
	GlobalSection(SolutionConfigurationPlatforms) = preSolution
		Debug|Any CPU = Debug|Any CPU
		Release|Any CPU = Release|Any CPU
	EndGlobalSection
	GlobalSection(ProjectConfigurationPlatforms) = postSolution
		{566FEBB3-9832-4360-91AA-5F7395C6CEF2}.Debug|Any CPU.ActiveCfg = Debug|Any CPU
		{566FEBB3-9832-4360-91AA-5F7395C6CEF2}.Debug|Any CPU.Build.0 = Debug|Any CPU
		{566FEBB3-9832-4360-91AA-5F7395C6CEF2}.Release|Any CPU.ActiveCfg = Release|Any CPU
		{566FEBB3-9832-4360-91AA-5F7395C6CEF2}.Release|Any CPU.Build.0 = Release|Any CPU
		{53AD4027-4C78-4F52-A2CF-B778883BDE64}.Debug|Any CPU.ActiveCfg = Debug|Any CPU
		{53AD4027-4C78-4F52-A2CF-B778883BDE64}.Debug|Any CPU.Build.0 = Debug|Any CPU
		{53AD4027-4C78-4F52-A2CF-B778883BDE64}.Release|Any CPU.ActiveCfg = Release|Any CPU
		{53AD4027-4C78-4F52-A2CF-B778883BDE64}.Release|Any CPU.Build.0 = Release|Any CPU
	EndGlobalSection
EndGlobal
